
Microsoft Visual Studio Solution File, Format Version 12.00
# Visual Studio Version 16
VisualStudioVersion = 16.0.29806.167
MinimumVisualStudioVersion = 10.0.40219.1
Project("{FAE04EC0-301F-11D3-BF4B-00C04F79EFBC}") = "EvolveProject", "EvolveProject.csproj", "{7295D5EC-68D5-41A5-B147-FAF048189587}"
EndProject
Global
	GlobalSection(SolutionConfigurationPlatforms) = preSolution
		Debug|Any CPU = Debug|Any CPU
		Release|Any CPU = Release|Any CPU
	EndGlobalSection
	GlobalSection(ProjectConfigurationPlatforms) = postSolution
		{7295D5EC-68D5-41A5-B147-FAF048189587}.Debug|Any CPU.ActiveCfg = Debug|Any CPU
		{7295D5EC-68D5-41A5-B147-FAF048189587}.Debug|Any CPU.Build.0 = Debug|Any CPU
		{7295D5EC-68D5-41A5-B147-FAF048189587}.Release|Any CPU.ActiveCfg = Release|Any CPU
		{7295D5EC-68D5-41A5-B147-FAF048189587}.Release|Any CPU.Build.0 = Release|Any CPU
	EndGlobalSection
	GlobalSection(SolutionProperties) = preSolution
		HideSolutionNode = FALSE
	EndGlobalSection
	GlobalSection(ExtensibilityGlobals) = postSolution
		SolutionGuid = {66D7CE7A-D1BC-4827-8745-BFD72584445A}
	EndGlobalSection
EndGlobal
